
Microsoft Visual Studio Solution File, Format Version 12.00
# Visual Studio Version 17
VisualStudioVersion = 17.0.31903.59
MinimumVisualStudioVersion = 10.0.40219.1
Project("{FAE04EC0-301F-11D3-BF4B-00C04F79EFBC}") = "API", "API\API.csproj", "{3A80491D-7974-4671-AB36-802A1141D8CD}"
EndProject
Project("{FAE04EC0-301F-11D3-BF4B-00C04F79EFBC}") = "Application", "Application\Application.csproj", "{063C86C2-06D1-4D8C-9E58-9B769CFD0A0C}"
EndProject
Project("{FAE04EC0-301F-11D3-BF4B-00C04F79EFBC}") = "Domain", "Domain\Domain.csproj", "{AF67FB6B-B8E3-4BC9-A783-068704AD4509}"
EndProject
Project("{FAE04EC0-301F-11D3-BF4B-00C04F79EFBC}") = "Persistence", "Persistence\Persistence.csproj", "{ED62EBFA-C799-4227-8E0B-8BF3C95998C9}"
EndProject
Project("{FAE04EC0-301F-11D3-BF4B-00C04F79EFBC}") = "Infrastructure", "Infrastructure\Infrastructure.csproj", "{B4D1C8F6-4397-445E-8194-E078B6E35B4B}"
EndProject
Global
	GlobalSection(SolutionConfigurationPlatforms) = preSolution
		Debug|Any CPU = Debug|Any CPU
		Release|Any CPU = Release|Any CPU
	EndGlobalSection
	GlobalSection(SolutionProperties) = preSolution
		HideSolutionNode = FALSE
	EndGlobalSection
	GlobalSection(ProjectConfigurationPlatforms) = postSolution
		{3A80491D-7974-4671-AB36-802A1141D8CD}.Debug|Any CPU.ActiveCfg = Debug|Any CPU
		{3A80491D-7974-4671-AB36-802A1141D8CD}.Debug|Any CPU.Build.0 = Debug|Any CPU
		{3A80491D-7974-4671-AB36-802A1141D8CD}.Release|Any CPU.ActiveCfg = Release|Any CPU
		{3A80491D-7974-4671-AB36-802A1141D8CD}.Release|Any CPU.Build.0 = Release|Any CPU
		{063C86C2-06D1-4D8C-9E58-9B769CFD0A0C}.Debug|Any CPU.ActiveCfg = Debug|Any CPU
		{063C86C2-06D1-4D8C-9E58-9B769CFD0A0C}.Debug|Any CPU.Build.0 = Debug|Any CPU
		{063C86C2-06D1-4D8C-9E58-9B769CFD0A0C}.Release|Any CPU.ActiveCfg = Release|Any CPU
		{063C86C2-06D1-4D8C-9E58-9B769CFD0A0C}.Release|Any CPU.Build.0 = Release|Any CPU
		{AF67FB6B-B8E3-4BC9-A783-068704AD4509}.Debug|Any CPU.ActiveCfg = Debug|Any CPU
		{AF67FB6B-B8E3-4BC9-A783-068704AD4509}.Debug|Any CPU.Build.0 = Debug|Any CPU
		{AF67FB6B-B8E3-4BC9-A783-068704AD4509}.Release|Any CPU.ActiveCfg = Release|Any CPU
		{AF67FB6B-B8E3-4BC9-A783-068704AD4509}.Release|Any CPU.Build.0 = Release|Any CPU
		{ED62EBFA-C799-4227-8E0B-8BF3C95998C9}.Debug|Any CPU.ActiveCfg = Debug|Any CPU
		{ED62EBFA-C799-4227-8E0B-8BF3C95998C9}.Debug|Any CPU.Build.0 = Debug|Any CPU
		{ED62EBFA-C799-4227-8E0B-8BF3C95998C9}.Release|Any CPU.ActiveCfg = Release|Any CPU
		{ED62EBFA-C799-4227-8E0B-8BF3C95998C9}.Release|Any CPU.Build.0 = Release|Any CPU
		{B4D1C8F6-4397-445E-8194-E078B6E35B4B}.Debug|Any CPU.ActiveCfg = Debug|Any CPU
		{B4D1C8F6-4397-445E-8194-E078B6E35B4B}.Debug|Any CPU.Build.0 = Debug|Any CPU
		{B4D1C8F6-4397-445E-8194-E078B6E35B4B}.Release|Any CPU.ActiveCfg = Release|Any CPU
		{B4D1C8F6-4397-445E-8194-E078B6E35B4B}.Release|Any CPU.Build.0 = Release|Any CPU
	EndGlobalSection
EndGlobal
